
Microsoft Visual Studio Solution File, Format Version 12.00
# Visual Studio 15
Project("{FAE04EC0-301F-11D3-BF4B-00C04F79EFBC}") = "Sonic Racing Test", "Sonic Racing Test.csproj", "{B429F1FE-BBC8-03BA-B3C3-8465A27FBAE7}"
EndProject
Project("{FAE04EC0-301F-11D3-BF4B-00C04F79EFBC}") = "Sonic Racing Test.Plugins", "Sonic Racing Test.Plugins.csproj", "{A16ED2F4-1967-FE87-B784-0B3C72187F49}"
EndProject
Global
	GlobalSection(SolutionConfigurationPlatforms) = preSolution
		Debug|Any CPU = Debug|Any CPU
		Release|Any CPU = Release|Any CPU
	EndGlobalSection
	GlobalSection(ProjectConfigurationPlatforms) = postSolution
		{B429F1FE-BBC8-03BA-B3C3-8465A27FBAE7}.Debug|Any CPU.ActiveCfg = Debug|Any CPU
		{B429F1FE-BBC8-03BA-B3C3-8465A27FBAE7}.Debug|Any CPU.Build.0 = Debug|Any CPU
		{B429F1FE-BBC8-03BA-B3C3-8465A27FBAE7}.Release|Any CPU.ActiveCfg = Release|Any CPU
		{B429F1FE-BBC8-03BA-B3C3-8465A27FBAE7}.Release|Any CPU.Build.0 = Release|Any CPU
		{A16ED2F4-1967-FE87-B784-0B3C72187F49}.Debug|Any CPU.ActiveCfg = Debug|Any CPU
		{A16ED2F4-1967-FE87-B784-0B3C72187F49}.Debug|Any CPU.Build.0 = Debug|Any CPU
		{A16ED2F4-1967-FE87-B784-0B3C72187F49}.Release|Any CPU.ActiveCfg = Release|Any CPU
		{A16ED2F4-1967-FE87-B784-0B3C72187F49}.Release|Any CPU.Build.0 = Release|Any CPU
	EndGlobalSection
	GlobalSection(SolutionProperties) = preSolution
		HideSolutionNode = FALSE
	EndGlobalSection
EndGlobal
